github.com/McShelby/hugo-theme-relearn v0.0.0-20260203064824-5fff5bc8a066 h1:IU6+NgdzDUMTMBJdQkmKr/mVrdwaY2yZYZKV/g3/WSU=
github.com/McShelby/hugo-theme-relearn v0.0.0-20260203064824-5fff5bc8a066/go.mod h1:mKQQdxZNIlLvAj8X3tMq+RzntIJSr9z7XdzuMomt0IM=
github.com/eckslopez/kubernetes-platform-infrastructure v0.0.0-20260203190020-c52152460e76 h1:ozzEmjZIgVkxFoqU3Sj7/RjD5nKpNar0+YYBa3fWLuE=
github.com/eckslopez/kubernetes-platform-infrastructure v0.0.0-20260203190020-c52152460e76/go.mod h1:QlYLEzaYOMdlOE3vBaEidzfLTQWdIjR1X5phl/UiPCo=
github.com/eckslopez/panchito v0.0.0-20260203195343-9ed5572408f8 h1:iWJU2G0lT2IQJHnVpyjI1rOf0MgLou9Tc8tvnD61NTU=
github.com/eckslopez/panchito v0.0.0-20260203195343-9ed5572408f8/go.mod h1:ILE5wsmU8GePBV13pOtvMAgGtdgYOyMQp6tPF9/kVsc=
github.com/eckslopez/pg v0.0.0-20260203015024-74c326a69469 h1:yrA/1D6kxz17luWzF6ThmRTirnZ1kYq12Je1TySnTtA=
github.com/eckslopez/pg v0.0.0-20260203015024-74c326a69469/go.mod h1:gv3TLkrGkvqrPXvNhABqd/nhicVCqCOeHGCD5NOSjnE=
github.com/eckslopez/platform-pipelines v0.0.0-20260203201716-cad0fa7d333f h1:m1jTKq9DQQNN7O2X25dvLdMoWBYlrbntacLUA6sSzMQ=
github.com/eckslopez/platform-pipelines v0.0.0-20260203201716-cad0fa7d333f/go.mod h1:O2ZR+14z5FQwg2SwactR8yS/f8SZgPw2MYWRrM4a0qo=
github.com/eckslopez/rigoberta v0.0.0-20260203195909-0a80cf0a35f5 h1:1hhoUAlYeBonZu1t7ZuMyEdxy0P0XCtw6FoIMFO3pVQ=
github.com/eckslopez/rigoberta v0.0.0-20260203195909-0a80cf0a35f5/go.mod h1:zvtJf6XE74iFq5ADGMxp60cbIlUWeGUA8VwJCtLCjd8=
github.com/eckslopez/thehouseguy v0.0.0-20260203200021-53782acf83d9 h1:A9Sdjj/8JbRwSu3x/s9hBvnO9YNddCVdhtSjrLEmlr0=
github.com/eckslopez/thehouseguy v0.0.0-20260203200021-53782acf83d9/go.mod h1:DjVP8U2VQz5lUkTEZzkUckEIQFsdI4rdt2wI8LVhShE=
github.com/eckslopez/xavierlopez.me v0.0.0-20260203200106-0fe94f79921d h1:HnzjjCxfcBhfQFScGxT47L2Kg1n/ttYgMN4cn3We9bI=
github.com/eckslopez/xavierlopez.me v0.0.0-20260203200106-0fe94f79921d/go.mod h1:cZVzYU0rqVhcAdHFbsrVnlVSi1dX3ZPmNLlyEQw4vUE=
gitlab.com/platformystical/bigbang v0.0.0-20260119213059-5453000d6acb h1:CPZsO0EtE22sdYaFA5eu0VuuuexKtUoXBinq/KU0vr4=
gitlab.com/platformystical/bigbang v0.0.0-20260119213059-5453000d6acb/go.mod h1:wwh6BtHWSIqxMBItydt3oyvcw9hKD3ClJSsI881XO5E=
