github.com/McShelby/hugo-theme-relearn v0.0.0-20260203064824-5fff5bc8a066 h1:IU6+NgdzDUMTMBJdQkmKr/mVrdwaY2yZYZKV/g3/WSU=
github.com/McShelby/hugo-theme-relearn v0.0.0-20260203064824-5fff5bc8a066/go.mod h1:mKQQdxZNIlLvAj8X3tMq+RzntIJSr9z7XdzuMomt0IM=
github.com/zavestudios/kubernetes-platform-infrastructure v0.0.0-20260207175707-e2a2b0b2e920 h1:Nb2mmbf+ZOOk+EWzIig8mE9fnIfoPU5cQe4hp07vSMA=
github.com/zavestudios/kubernetes-platform-infrastructure v0.0.0-20260207175707-e2a2b0b2e920/go.mod h1:0FalbaC6V3Wotj6XaYDdPierkBpOcpplUglIDA/pIHw=
github.com/zavestudios/panchito v0.0.0-20260207174255-9fef7a837140 h1:ltnFywoHzZYVhBMZeUErO5y6VKIW8BfG0bNaJ2gVltY=
github.com/zavestudios/panchito v0.0.0-20260207174255-9fef7a837140/go.mod h1:gjyO1EjZbnT3r5dpVKw8GMTjhv7xZ9iaMDRPRAzKXvQ=
github.com/zavestudios/pg v0.0.0-20260207174256-807aabfad9a9 h1:1UoQ8SLlvUofo0Wdkm77DVWxe9EIzGzOwexSUi6WUW4=
github.com/zavestudios/pg v0.0.0-20260207174256-807aabfad9a9/go.mod h1:qM+TNKStPF9nHDIBxOcnVrZfKa5Ms7mAFju5PrmdPKM=
github.com/zavestudios/platform-pipelines v0.0.0-20260207174257-4bc83ea43358 h1:qi79AwUImLhMU1k0B6qZQov3XvaTorgI5zvuanL4YGg=
github.com/zavestudios/platform-pipelines v0.0.0-20260207174257-4bc83ea43358/go.mod h1:JlWKm8YaYeeH/Bx36QMjw3WgdfMWwk0OMlKVgzY1G4Y=
github.com/zavestudios/rigoberta v0.0.0-20260207174300-6d3cbfaafe60 h1:UZitt2Wyj3y8KllCed6Wa4CXPjdHDvpba+nCAup/wBQ=
github.com/zavestudios/rigoberta v0.0.0-20260207174300-6d3cbfaafe60/go.mod h1:D7Q7j743UXsO/pLzp6EK2Js5g/f2iTBpUAZYRRbv4JQ=
github.com/zavestudios/thehouseguy v0.0.0-20260207174302-827ddf96de48 h1:Py8Wnan6tjt8QRWHwlAVKbv46GoN6IBc/obmU61pHIE=
github.com/zavestudios/thehouseguy v0.0.0-20260207174302-827ddf96de48/go.mod h1:ifzA4rQuC7JxQnj4btQqV4KP1Oxj+tUeXVzOG/c53WA=
github.com/zavestudios/xavierlopez.me v0.0.0-20260207174303-db4ac1cb47aa h1:1nZd3Odx0G+jm3yH4z6EmJpBZjps54cmck1N+PPSkwM=
github.com/zavestudios/xavierlopez.me v0.0.0-20260207174303-db4ac1cb47aa/go.mod h1:HtJ9F7Ly1S6VcypbPyQtpJaNO1hOf2oiDjDFnYKbyGY=
gitlab.com/platformystical/bigbang v0.0.0-20260207174216-b38ec853ed14 h1:LLYYXSDCietS8F5QfUwdsb6x9GxLH+2iyoV3rdbcJFM=
gitlab.com/platformystical/bigbang v0.0.0-20260207174216-b38ec853ed14/go.mod h1:JpQA6MpKBEJqaWORM6xA2iOOv+KpUm3FbdpU6i8MPBs=
